
Microsoft Visual Studio Solution File, Format Version 12.00
# Visual Studio Version 16
VisualStudioVersion = 16.0.31424.327
MinimumVisualStudioVersion = 10.0.40219.1
Project("{FAE04EC0-301F-11D3-BF4B-00C04F79EFBC}") = "TicTacToeFrontend.Console", "TicTacToeFrontend.Console\TicTacToeFrontend.Console.csproj", "{D177C90A-9008-4E17-9451-BF8ACB99ACA2}"
EndProject
Global
	GlobalSection(SolutionConfigurationPlatforms) = preSolution
		Debug|Any CPU = Debug|Any CPU
		Release|Any CPU = Release|Any CPU
	EndGlobalSection
	GlobalSection(ProjectConfigurationPlatforms) = postSolution
		{D177C90A-9008-4E17-9451-BF8ACB99ACA2}.Debug|Any CPU.ActiveCfg = Debug|Any CPU
		{D177C90A-9008-4E17-9451-BF8ACB99ACA2}.Debug|Any CPU.Build.0 = Debug|Any CPU
		{D177C90A-9008-4E17-9451-BF8ACB99ACA2}.Release|Any CPU.ActiveCfg = Release|Any CPU
		{D177C90A-9008-4E17-9451-BF8ACB99ACA2}.Release|Any CPU.Build.0 = Release|Any CPU
	EndGlobalSection
	GlobalSection(SolutionProperties) = preSolution
		HideSolutionNode = FALSE
	EndGlobalSection
	GlobalSection(ExtensibilityGlobals) = postSolution
		SolutionGuid = {C9BC3265-5D8A-42AD-9377-9527D2987788}
	EndGlobalSection
EndGlobal
